
Microsoft Visual Studio Solution File, Format Version 12.00
# Visual Studio 15
VisualStudioVersion = 15.0.27428.2015
MinimumVisualStudioVersion = 10.0.40219.1
Project("{FAE04EC0-301F-11D3-BF4B-00C04F79EFBC}") = "ActivityCoordinator.Contracts", "ActivityCoordinator.Contracts\ActivityCoordinator.Contracts.csproj", "{CBE1DF3B-2D07-4484-A59D-8276F17FE4AF}"
EndProject
Project("{FAE04EC0-301F-11D3-BF4B-00C04F79EFBC}") = "ActivityCoordinator.Core", "ActivityCoordinator.Core\ActivityCoordinator.Core.csproj", "{AF00CAF8-6051-4204-BFCE-11B28998F764}"
EndProject
Project("{FAE04EC0-301F-11D3-BF4B-00C04F79EFBC}") = "ActivityCoordinator.Client", "ActivityCoordinator.Client\ActivityCoordinator.Client.csproj", "{B72A8A8C-375F-4993-B703-2397708EDF78}"
EndProject
Project("{FAE04EC0-301F-11D3-BF4B-00C04F79EFBC}") = "ActivityCoordinator.Service", "ActivityCoordinator.Service\ActivityCoordinator.Service.csproj", "{A5099241-86B7-4FD4-9441-F5E7818E7EB8}"
EndProject
Global
	GlobalSection(SolutionConfigurationPlatforms) = preSolution
		Debug|Any CPU = Debug|Any CPU
		Release|Any CPU = Release|Any CPU
	EndGlobalSection
	GlobalSection(ProjectConfigurationPlatforms) = postSolution
		{CBE1DF3B-2D07-4484-A59D-8276F17FE4AF}.Debug|Any CPU.ActiveCfg = Debug|Any CPU
		{CBE1DF3B-2D07-4484-A59D-8276F17FE4AF}.Debug|Any CPU.Build.0 = Debug|Any CPU
		{CBE1DF3B-2D07-4484-A59D-8276F17FE4AF}.Release|Any CPU.ActiveCfg = Release|Any CPU
		{CBE1DF3B-2D07-4484-A59D-8276F17FE4AF}.Release|Any CPU.Build.0 = Release|Any CPU
		{AF00CAF8-6051-4204-BFCE-11B28998F764}.Debug|Any CPU.ActiveCfg = Debug|Any CPU
		{AF00CAF8-6051-4204-BFCE-11B28998F764}.Debug|Any CPU.Build.0 = Debug|Any CPU
		{AF00CAF8-6051-4204-BFCE-11B28998F764}.Release|Any CPU.ActiveCfg = Release|Any CPU
		{AF00CAF8-6051-4204-BFCE-11B28998F764}.Release|Any CPU.Build.0 = Release|Any CPU
		{B72A8A8C-375F-4993-B703-2397708EDF78}.Debug|Any CPU.ActiveCfg = Debug|Any CPU
		{B72A8A8C-375F-4993-B703-2397708EDF78}.Debug|Any CPU.Build.0 = Debug|Any CPU
		{B72A8A8C-375F-4993-B703-2397708EDF78}.Release|Any CPU.ActiveCfg = Release|Any CPU
		{B72A8A8C-375F-4993-B703-2397708EDF78}.Release|Any CPU.Build.0 = Release|Any CPU
		{A5099241-86B7-4FD4-9441-F5E7818E7EB8}.Debug|Any CPU.ActiveCfg = Debug|Any CPU
		{A5099241-86B7-4FD4-9441-F5E7818E7EB8}.Debug|Any CPU.Build.0 = Debug|Any CPU
		{A5099241-86B7-4FD4-9441-F5E7818E7EB8}.Release|Any CPU.ActiveCfg = Release|Any CPU
		{A5099241-86B7-4FD4-9441-F5E7818E7EB8}.Release|Any CPU.Build.0 = Release|Any CPU
	EndGlobalSection
	GlobalSection(SolutionProperties) = preSolution
		HideSolutionNode = FALSE
	EndGlobalSection
	GlobalSection(ExtensibilityGlobals) = postSolution
		SolutionGuid = {E86A1953-F44A-4F0B-A0AC-9845C950F950}
	EndGlobalSection
EndGlobal
